{
  "requires": true,
  "lockfileVersion": 1,
  "dependencies": {
    "core-util-is": {
      "version": "1.0.3",
      "resolved": "https://registry.npmjs.org/core-util-is/-/core-util-is-1.0.3.tgz",
      "integrity": "sha512-ZQBvi1DcpJ4GDqanjucZ2Hj3wEO5pZDS89BWbkcrvdxksJorwUDDZamX9ldFkp9aw2lmBDLgkObEA4DWNJ9FYQ=="
    },
    "inherits": {
      "version": "2.0.4",
      "resolved": "https://registry.npmjs.org/inherits/-/inherits-2.0.4.tgz",
      "integrity": "sha512-k/vGaX4/Yla3WzyMCvTQOXYeIHvqOKtnqBduzTHpzpQZzAskKMhZ2K+EnBiSM9zGSoIFeMpXKxa4dYeZIQqewQ=="
    },
    "is-utf8": {
      "version": "0.2.0",
      "resolved": "https://registry.npmjs.org/is-utf8/-/is-utf8-0.2.0.tgz",
      "integrity": "sha512-L7zvMCxfKofnKFkjLjTQYJGLP6Zmpv8jc/hErI5go6WS+rRiYKd7lUXdHW75arCw0Sjy+h9sGS0spd4y9q2l+w=="
    },
    "isarray": {
      "version": "0.0.1",
      "resolved": "https://registry.npmjs.org/isarray/-/isarray-0.0.1.tgz",
      "integrity": "sha512-D2S+3GLxWH+uhrNEcoh/fnmYeP8E8/zHl644d/jdA0g2uyXvy3sb0qxotE+ne0LtccHknQzWwZEzhak7oJ0COQ=="
    },
    "mqtt": {
      "version": "0.3.13",
      "resolved": "https://registry.npmjs.org/mqtt/-/mqtt-0.3.13.tgz",
      "integrity": "sha512-iGjFYj192SiRtufmxynJS2bLG8Uk8/u7GODq/BLFMGVkajk6C4tJqyGA29s62YNx6qkwWWEkdqsFiDaRPOddvA==",
      "requires": {
        "readable-stream": "~1.0.2"
      }
    },
    "node-red-contrib-mqtt-dynamictopic": {
      "version": "1.0.2",
      "resolved": "https://registry.npmjs.org/node-red-contrib-mqtt-dynamictopic/-/node-red-contrib-mqtt-dynamictopic-1.0.2.tgz",
      "integrity": "sha512-9hmZeSfXHVD8Ge3FM2vfbyPy7cgfvztMgEMdcOa83rSCudwaGjIR8raLF8zUIMtI4zXO6Jutl8w+xDNpn+w4RQ==",
      "requires": {
        "is-utf8": "0.2.0",
        "mqtt": "0.3.x"
      }
    },
    "readable-stream": {
      "version": "1.0.34",
      "resolved": "https://registry.npmjs.org/readable-stream/-/readable-stream-1.0.34.tgz",
      "integrity": "sha512-ok1qVCJuRkNmvebYikljxJA/UEsKwLl2nI1OmaqAu4/UE+h0wKCHok4XkL/gvi39OacXvw59RJUOFUkDib2rHg==",
      "requires": {
        "core-util-is": "~1.0.0",
        "inherits": "~2.0.1",
        "isarray": "0.0.1",
        "string_decoder": "~0.10.x"
      }
    },
    "string_decoder": {
      "version": "0.10.31",
      "resolved": "https://registry.npmjs.org/string_decoder/-/string_decoder-0.10.31.tgz",
      "integrity": "sha512-ev2QzSzWPYmy9GuqfIVildA4OdcGLeFZQrq5ys6RtiuF+RQQiZWr8TZNyAcuVXyQRYfEO+MsoB/1BuQVhOJuoQ=="
    }
  }
}
